
Microsoft Visual Studio Solution File, Format Version 12.00
# Visual Studio 2012
Project("{FAE04EC0-301F-11D3-BF4B-00C04F79EFBC}") = "O.House", "O.House\O.House.csproj", "{3C0E3C51-B584-45E5-B459-E613677691AE}"
EndProject
Project("{FAE04EC0-301F-11D3-BF4B-00C04F79EFBC}") = "MonoTouch.SlideoutNavigation", "..\..\..\Desktop\O.House\Library\MonoTouch.SlideoutNavigation\MonoTouch.SlideoutNavigation.csproj", "{6D7B9B53-CFEF-46BE-A608-14A4A1381CF6}"
EndProject
Global
	GlobalSection(SolutionConfigurationPlatforms) = preSolution
		Debug|iPhoneSimulator = Debug|iPhoneSimulator
		Release|iPhone = Release|iPhone
		Release|iPhoneSimulator = Release|iPhoneSimulator
		Debug|iPhone = Debug|iPhone
	EndGlobalSection
	GlobalSection(ProjectConfigurationPlatforms) = postSolution
		{3C0E3C51-B584-45E5-B459-E613677691AE}.Debug|iPhone.ActiveCfg = Debug|iPhone
		{3C0E3C51-B584-45E5-B459-E613677691AE}.Debug|iPhone.Build.0 = Debug|iPhone
		{3C0E3C51-B584-45E5-B459-E613677691AE}.Debug|iPhoneSimulator.ActiveCfg = Debug|iPhoneSimulator
		{3C0E3C51-B584-45E5-B459-E613677691AE}.Debug|iPhoneSimulator.Build.0 = Debug|iPhoneSimulator
		{3C0E3C51-B584-45E5-B459-E613677691AE}.Release|iPhone.ActiveCfg = Release|iPhone
		{3C0E3C51-B584-45E5-B459-E613677691AE}.Release|iPhone.Build.0 = Release|iPhone
		{3C0E3C51-B584-45E5-B459-E613677691AE}.Release|iPhoneSimulator.ActiveCfg = Release|iPhoneSimulator
		{3C0E3C51-B584-45E5-B459-E613677691AE}.Release|iPhoneSimulator.Build.0 = Release|iPhoneSimulator
		{6D7B9B53-CFEF-46BE-A608-14A4A1381CF6}.Debug|iPhone.ActiveCfg = Debug|Any CPU
		{6D7B9B53-CFEF-46BE-A608-14A4A1381CF6}.Debug|iPhone.Build.0 = Debug|Any CPU
		{6D7B9B53-CFEF-46BE-A608-14A4A1381CF6}.Debug|iPhoneSimulator.ActiveCfg = Debug|Any CPU
		{6D7B9B53-CFEF-46BE-A608-14A4A1381CF6}.Debug|iPhoneSimulator.Build.0 = Debug|Any CPU
		{6D7B9B53-CFEF-46BE-A608-14A4A1381CF6}.Release|iPhone.ActiveCfg = Release|Any CPU
		{6D7B9B53-CFEF-46BE-A608-14A4A1381CF6}.Release|iPhone.Build.0 = Release|Any CPU
		{6D7B9B53-CFEF-46BE-A608-14A4A1381CF6}.Release|iPhoneSimulator.ActiveCfg = Release|Any CPU
		{6D7B9B53-CFEF-46BE-A608-14A4A1381CF6}.Release|iPhoneSimulator.Build.0 = Release|Any CPU
	EndGlobalSection
EndGlobal
